
Microsoft Visual Studio Solution File, Format Version 12.00
# Visual Studio Version 17
VisualStudioVersion = 17.9.34714.143
MinimumVisualStudioVersion = 10.0.40219.1
Project("{FAE04EC0-301F-11D3-BF4B-00C04F79EFBC}") = "crudS", "crudS\crudS.csproj", "{479D5725-A243-41DF-8176-BFE4628941FA}"
EndProject
Global
	GlobalSection(SolutionConfigurationPlatforms) = preSolution
		Debug|Any CPU = Debug|Any CPU
		Release|Any CPU = Release|Any CPU
	EndGlobalSection
	GlobalSection(ProjectConfigurationPlatforms) = postSolution
		{479D5725-A243-41DF-8176-BFE4628941FA}.Debug|Any CPU.ActiveCfg = Debug|Any CPU
		{479D5725-A243-41DF-8176-BFE4628941FA}.Debug|Any CPU.Build.0 = Debug|Any CPU
		{479D5725-A243-41DF-8176-BFE4628941FA}.Release|Any CPU.ActiveCfg = Release|Any CPU
		{479D5725-A243-41DF-8176-BFE4628941FA}.Release|Any CPU.Build.0 = Release|Any CPU
	EndGlobalSection
	GlobalSection(SolutionProperties) = preSolution
		HideSolutionNode = FALSE
	EndGlobalSection
	GlobalSection(ExtensibilityGlobals) = postSolution
		SolutionGuid = {44D3C4A1-5482-4D05-8402-0409D540143A}
	EndGlobalSection
EndGlobal
